
Microsoft Visual Studio Solution File, Format Version 12.00
# Visual Studio Version 17
VisualStudioVersion = 17.4.33110.190
MinimumVisualStudioVersion = 10.0.40219.1
Project("{9A19103F-16F7-4668-BE54-9A1E7A4F7556}") = "Codecool.MarsExploration.MapGenerator", "Codecool.MarsExploration.MapGenerator\Codecool.MarsExploration.MapGenerator.csproj", "{DD2525B6-EEA2-46DF-9276-5FD34104ECA2}"
EndProject
Project("{9A19103F-16F7-4668-BE54-9A1E7A4F7556}") = "Codecool.MarsExploration.MapExplorer", "Codecool.MarsExploration.MapExplorer\Codecool.MarsExploration.MapExplorer.csproj", "{E265CC0A-5AC3-481C-8C85-93C8F990F0B7}"
EndProject
Project("{FAE04EC0-301F-11D3-BF4B-00C04F79EFBC}") = "Codecool.MarsExploration.MapExplorerTest", "Codecool.MarsExploration.MapExplorerTest\Codecool.MarsExploration.MapExplorerTest.csproj", "{AF7E71EB-FB60-46B7-A1B6-D8D738F82213}"
EndProject
Global
	GlobalSection(SolutionConfigurationPlatforms) = preSolution
		Debug|Any CPU = Debug|Any CPU
		Release|Any CPU = Release|Any CPU
	EndGlobalSection
	GlobalSection(ProjectConfigurationPlatforms) = postSolution
		{DD2525B6-EEA2-46DF-9276-5FD34104ECA2}.Debug|Any CPU.ActiveCfg = Debug|Any CPU
		{DD2525B6-EEA2-46DF-9276-5FD34104ECA2}.Debug|Any CPU.Build.0 = Debug|Any CPU
		{DD2525B6-EEA2-46DF-9276-5FD34104ECA2}.Release|Any CPU.ActiveCfg = Release|Any CPU
		{DD2525B6-EEA2-46DF-9276-5FD34104ECA2}.Release|Any CPU.Build.0 = Release|Any CPU
		{E265CC0A-5AC3-481C-8C85-93C8F990F0B7}.Debug|Any CPU.ActiveCfg = Debug|Any CPU
		{E265CC0A-5AC3-481C-8C85-93C8F990F0B7}.Debug|Any CPU.Build.0 = Debug|Any CPU
		{E265CC0A-5AC3-481C-8C85-93C8F990F0B7}.Release|Any CPU.ActiveCfg = Release|Any CPU
		{E265CC0A-5AC3-481C-8C85-93C8F990F0B7}.Release|Any CPU.Build.0 = Release|Any CPU
		{AF7E71EB-FB60-46B7-A1B6-D8D738F82213}.Debug|Any CPU.ActiveCfg = Debug|Any CPU
		{AF7E71EB-FB60-46B7-A1B6-D8D738F82213}.Debug|Any CPU.Build.0 = Debug|Any CPU
		{AF7E71EB-FB60-46B7-A1B6-D8D738F82213}.Release|Any CPU.ActiveCfg = Release|Any CPU
		{AF7E71EB-FB60-46B7-A1B6-D8D738F82213}.Release|Any CPU.Build.0 = Release|Any CPU
	EndGlobalSection
	GlobalSection(SolutionProperties) = preSolution
		HideSolutionNode = FALSE
	EndGlobalSection
	GlobalSection(ExtensibilityGlobals) = postSolution
		SolutionGuid = {D7BF92DE-7484-4C77-9E13-A9513A4944AF}
	EndGlobalSection
EndGlobal
